<?xml version="1.0" encoding="utf-8"?>
<Project ToolsVersion="4.0" xmlns="http://schemas.microsoft.com/developer/msbuild/2003">
  <ItemGroup>
    <Filter Include="Source Files">
      <UniqueIdentifier>{71984106-99a8-4873-a062-59ad42390652}</UniqueIdentifier>
      <Extensions>cpp;c;cxx;def;odl;idl;hpj;bat;asm</Extensions>
    </Filter>
    <Filter Include="Header Files">
      <UniqueIdentifier>{3161a981-1ba4-4a10-b1d1-96bfe9a5eaf4}</UniqueIdentifier>
      <Extensions>h;hpp;hxx;hm;inl;inc</Extensions>
    </Filter>
    <Filter Include="Resource Files">
      <UniqueIdentifier>{09765d4e-383e-4084-99e2-aea2896b1807}</UniqueIdentifier>
      <Extensions>rc;ico;cur;bmp;dlg;rc2;rct;bin;rgs;jpg;jpeg;jpe;manifest</Extensions>
    </Filter>
  </ItemGroup>
  <ItemGroup>
    <ClCompile Include="BlitzDecoder.cpp">
      <Filter>Source Files</Filter>
    </ClCompile>
    <ClCompile Include="BOFSDecoder.cpp">
      <Filter>Source Files</Filter>
    </ClCompile>
    <ClCompile Include="BoltDecoder.cpp">
      <Filter>Source Files</Filter>
    </ClCompile>
    <ClCompile Include="chksum64.cpp">
      <Filter>Source Files</Filter>
    </ClCompile>
    <ClCompile Include="CommandAndConquerDecoder.cpp">
      <Filter>Source Files</Filter>
    </ClCompile>
    <ClCompile Include="CustomRoboCompress.cpp">
      <Filter>Source Files</Filter>
    </ClCompile>
    <ClCompile Include="EASportsDecoder.cpp">
      <Filter>Source Files</Filter>
    </ClCompile>
    <ClCompile Include="EDLCompress.cpp">
      <Filter>Source Files</Filter>
    </ClCompile>
    <ClCompile Include="erzdec.cpp">
      <Filter>Source Files</Filter>
    </ClCompile>
    <ClCompile Include="FLA2Decoder.cpp">
      <Filter>Source Files</Filter>
    </ClCompile>
    <ClCompile Include="GECompression.cpp">
      <Filter>Source Files</Filter>
    </ClCompile>
    <ClCompile Include="GEDecompressor.cpp">
      <Filter>Source Files</Filter>
    </ClCompile>
    <ClCompile Include="GEDecompressorDlg.cpp">
      <Filter>Source Files</Filter>
    </ClCompile>
    <ClCompile Include="H20Decoder.cpp">
      <Filter>Source Files</Filter>
    </ClCompile>
    <ClCompile Include="MarioTennisDecoder.cpp">
      <Filter>Source Files</Filter>
    </ClCompile>
    <ClCompile Include="MidwayDecoder.cpp">
      <Filter>Source Files</Filter>
    </ClCompile>
    <ClCompile Include="mio0.cpp">
      <Filter>Source Files</Filter>
    </ClCompile>
    <ClCompile Include="MKMythologiesDecode.cpp">
      <Filter>Source Files</Filter>
    </ClCompile>
    <ClCompile Include="MonacoDecoder.cpp">
      <Filter>Source Files</Filter>
    </ClCompile>
    <ClCompile Include="n643docompression.cpp">
      <Filter>Source Files</Filter>
    </ClCompile>
    <ClCompile Include="n64_cic_nus_6105.cpp">
      <Filter>Source Files</Filter>
    </ClCompile>
    <ClCompile Include="NinDec.cpp">
      <Filter>Source Files</Filter>
    </ClCompile>
    <ClCompile Include="NintendoEncoder.cpp">
      <Filter>Source Files</Filter>
    </ClCompile>
    <ClCompile Include="ODTCompress.cpp">
      <Filter>Source Files</Filter>
    </ClCompile>
    <ClCompile Include="rnc_deco.cpp">
      <Filter>Source Files</Filter>
    </ClCompile>
    <ClCompile Include="stdafx.cpp">
      <Filter>Source Files</Filter>
    </ClCompile>
    <ClCompile Include="SupermanDecoder.cpp">
      <Filter>Source Files</Filter>
    </ClCompile>
    <ClCompile Include="TetrisphereDecoder.cpp">
      <Filter>Source Files</Filter>
    </ClCompile>
    <ClCompile Include="TigDecoder.cpp">
      <Filter>Source Files</Filter>
    </ClCompile>
    <ClCompile Include="VPK0Decoder.cpp">
      <Filter>Source Files</Filter>
    </ClCompile>
    <ClCompile Include="WWFNoMercy.cpp">
      <Filter>Source Files</Filter>
    </ClCompile>
    <ClCompile Include="yay0.cpp">
      <Filter>Source Files</Filter>
    </ClCompile>
    <ClCompile Include="yaz0.cpp">
      <Filter>Source Files</Filter>
    </ClCompile>
  </ItemGroup>
  <ItemGroup>
    <ClInclude Include="BlitzDecoder.h">
      <Filter>Header Files</Filter>
    </ClInclude>
    <ClInclude Include="BOFSDecoder.h">
      <Filter>Header Files</Filter>
    </ClInclude>
    <ClInclude Include="BoltDecoder.h">
      <Filter>Header Files</Filter>
    </ClInclude>
    <ClInclude Include="chksum64.h">
      <Filter>Header Files</Filter>
    </ClInclude>
    <ClInclude Include="CommandAndConquerDecoder.h">
      <Filter>Header Files</Filter>
    </ClInclude>
    <ClInclude Include="CustomRoboCompress.h">
      <Filter>Header Files</Filter>
    </ClInclude>
    <ClInclude Include="EASportsDecoder.h">
      <Filter>Header Files</Filter>
    </ClInclude>
    <ClInclude Include="EDLCompress.h">
      <Filter>Header Files</Filter>
    </ClInclude>
    <ClInclude Include="erzdec.h">
      <Filter>Header Files</Filter>
    </ClInclude>
    <ClInclude Include="FLA2Decoder.h">
      <Filter>Header Files</Filter>
    </ClInclude>
    <ClInclude Include="func.h">
      <Filter>Header Files</Filter>
    </ClInclude>
    <ClInclude Include="GECompression.h">
      <Filter>Header Files</Filter>
    </ClInclude>
    <ClInclude Include="GEDecompressor.h">
      <Filter>Header Files</Filter>
    </ClInclude>
    <ClInclude Include="GEDecompressorDlg.h">
      <Filter>Header Files</Filter>
    </ClInclude>
    <ClInclude Include="H20Decoder.h">
      <Filter>Header Files</Filter>
    </ClInclude>
    <ClInclude Include="MarioTennisDecoder.h">
      <Filter>Header Files</Filter>
    </ClInclude>
    <ClInclude Include="MidwayDecoder.h">
      <Filter>Header Files</Filter>
    </ClInclude>
    <ClInclude Include="mio0.h">
      <Filter>Header Files</Filter>
    </ClInclude>
    <ClInclude Include="MKMythologiesDecode.h">
      <Filter>Header Files</Filter>
    </ClInclude>
    <ClInclude Include="MonacoDecoder.h">
      <Filter>Header Files</Filter>
    </ClInclude>
    <ClInclude Include="n643docompression.h">
      <Filter>Header Files</Filter>
    </ClInclude>
    <ClInclude Include="n64_cic_nus_6105.h">
      <Filter>Header Files</Filter>
    </ClInclude>
    <ClInclude Include="N64SoundListToolDlg.h">
      <Filter>Header Files</Filter>
    </ClInclude>
    <ClInclude Include="NinDec.h">
      <Filter>Header Files</Filter>
    </ClInclude>
    <ClInclude Include="NintendoEncoder.h">
      <Filter>Header Files</Filter>
    </ClInclude>
    <ClInclude Include="ODTCompress.h">
      <Filter>Header Files</Filter>
    </ClInclude>
    <ClInclude Include="r3400i.h">
      <Filter>Header Files</Filter>
    </ClInclude>
    <ClInclude Include="Resource.h">
      <Filter>Header Files</Filter>
    </ClInclude>
    <ClInclude Include="rnc_deco.h">
      <Filter>Header Files</Filter>
    </ClInclude>
    <ClInclude Include="stdafx.h">
      <Filter>Header Files</Filter>
    </ClInclude>
    <ClInclude Include="SupermanDecoder.h">
      <Filter>Header Files</Filter>
    </ClInclude>
    <ClInclude Include="TetrisphereDecoder.h">
      <Filter>Header Files</Filter>
    </ClInclude>
    <ClInclude Include="TigDecoder.h">
      <Filter>Header Files</Filter>
    </ClInclude>
    <ClInclude Include="VPK0Decoder.h">
      <Filter>Header Files</Filter>
    </ClInclude>
    <ClInclude Include="WWFNoMercy.h">
      <Filter>Header Files</Filter>
    </ClInclude>
    <ClInclude Include="yay0.h">
      <Filter>Header Files</Filter>
    </ClInclude>
    <ClInclude Include="yaz0.h">
      <Filter>Header Files</Filter>
    </ClInclude>
  </ItemGroup>
  <ItemGroup>
    <Image Include="res\GEDecompressor.ico">
      <Filter>Resource Files</Filter>
    </Image>
  </ItemGroup>
  <ItemGroup>
    <Manifest Include="res\GEDecompressor.manifest">
      <Filter>Resource Files</Filter>
    </Manifest>
  </ItemGroup>
  <ItemGroup>
    <ResourceCompile Include="GEDecompressor.rc">
      <Filter>Resource Files</Filter>
    </ResourceCompile>
  </ItemGroup>
  <ItemGroup>
    <None Include="res\GEDecompressor.rc2">
      <Filter>Resource Files</Filter>
    </None>
  </ItemGroup>
  <ItemGroup>
    <Text Include="ReadMe.txt" />
  </ItemGroup>
</Project>